
Microsoft Visual Studio Solution File, Format Version 12.00
# Visual Studio Version 17
VisualStudioVersion = 17.2.32630.192
MinimumVisualStudioVersion = 10.0.40219.1
Project("{9A19103F-16F7-4668-BE54-9A1E7A4F7556}") = "Blog", "Blog\Blog.csproj", "{0F6D7DA3-0594-4160-8E8D-9CD74C37A537}"
EndProject
Project("{9A19103F-16F7-4668-BE54-9A1E7A4F7556}") = "Blog.Entity", "Blog.Entity\Blog.Entity.csproj", "{045B4FFF-0B40-40A5-A59D-F3933E4E41E8}"
EndProject
Project("{9A19103F-16F7-4668-BE54-9A1E7A4F7556}") = "Blog.Repository", "Blog.Repository\Blog.Repository.csproj", "{2AF2D08F-A98F-4591-B386-452DF8CB5C1E}"
EndProject
Project("{2150E333-8FDC-42A3-9474-1A3956D46DE8}") = "Repository", "Repository", "{27292ADD-BFD9-4395-BDBB-CCF32A1D3F1F}"
EndProject
Project("{2150E333-8FDC-42A3-9474-1A3956D46DE8}") = "Service", "Service", "{3D0547CD-0FD4-42DE-A5A7-5BF30B38A289}"
EndProject
Project("{9A19103F-16F7-4668-BE54-9A1E7A4F7556}") = "Blog.IRepository", "Blog.IRepository\Blog.IRepository.csproj", "{D3275F9D-C808-48EC-A35B-5EA1A8C43F2E}"
EndProject
Project("{FAE04EC0-301F-11D3-BF4B-00C04F79EFBC}") = "Blog.IService", "Blog.IService\Blog.IService.csproj", "{1ADBD72F-3B40-4BD9-AC1D-365F93A132E0}"
EndProject
Project("{FAE04EC0-301F-11D3-BF4B-00C04F79EFBC}") = "Blog.Service", "Blog.Service\Blog.Service.csproj", "{E7718FD6-6CA0-4830-BF5D-92C7CE4299F5}"
EndProject
Global
	GlobalSection(SolutionConfigurationPlatforms) = preSolution
		Debug|Any CPU = Debug|Any CPU
		Release|Any CPU = Release|Any CPU
	EndGlobalSection
	GlobalSection(ProjectConfigurationPlatforms) = postSolution
		{0F6D7DA3-0594-4160-8E8D-9CD74C37A537}.Debug|Any CPU.ActiveCfg = Debug|Any CPU
		{0F6D7DA3-0594-4160-8E8D-9CD74C37A537}.Debug|Any CPU.Build.0 = Debug|Any CPU
		{0F6D7DA3-0594-4160-8E8D-9CD74C37A537}.Release|Any CPU.ActiveCfg = Release|Any CPU
		{0F6D7DA3-0594-4160-8E8D-9CD74C37A537}.Release|Any CPU.Build.0 = Release|Any CPU
		{045B4FFF-0B40-40A5-A59D-F3933E4E41E8}.Debug|Any CPU.ActiveCfg = Debug|Any CPU
		{045B4FFF-0B40-40A5-A59D-F3933E4E41E8}.Debug|Any CPU.Build.0 = Debug|Any CPU
		{045B4FFF-0B40-40A5-A59D-F3933E4E41E8}.Release|Any CPU.ActiveCfg = Release|Any CPU
		{045B4FFF-0B40-40A5-A59D-F3933E4E41E8}.Release|Any CPU.Build.0 = Release|Any CPU
		{2AF2D08F-A98F-4591-B386-452DF8CB5C1E}.Debug|Any CPU.ActiveCfg = Debug|Any CPU
		{2AF2D08F-A98F-4591-B386-452DF8CB5C1E}.Debug|Any CPU.Build.0 = Debug|Any CPU
		{2AF2D08F-A98F-4591-B386-452DF8CB5C1E}.Release|Any CPU.ActiveCfg = Release|Any CPU
		{2AF2D08F-A98F-4591-B386-452DF8CB5C1E}.Release|Any CPU.Build.0 = Release|Any CPU
		{D3275F9D-C808-48EC-A35B-5EA1A8C43F2E}.Debug|Any CPU.ActiveCfg = Debug|Any CPU
		{D3275F9D-C808-48EC-A35B-5EA1A8C43F2E}.Debug|Any CPU.Build.0 = Debug|Any CPU
		{D3275F9D-C808-48EC-A35B-5EA1A8C43F2E}.Release|Any CPU.ActiveCfg = Release|Any CPU
		{D3275F9D-C808-48EC-A35B-5EA1A8C43F2E}.Release|Any CPU.Build.0 = Release|Any CPU
		{1ADBD72F-3B40-4BD9-AC1D-365F93A132E0}.Debug|Any CPU.ActiveCfg = Debug|Any CPU
		{1ADBD72F-3B40-4BD9-AC1D-365F93A132E0}.Debug|Any CPU.Build.0 = Debug|Any CPU
		{1ADBD72F-3B40-4BD9-AC1D-365F93A132E0}.Release|Any CPU.ActiveCfg = Release|Any CPU
		{1ADBD72F-3B40-4BD9-AC1D-365F93A132E0}.Release|Any CPU.Build.0 = Release|Any CPU
		{E7718FD6-6CA0-4830-BF5D-92C7CE4299F5}.Debug|Any CPU.ActiveCfg = Debug|Any CPU
		{E7718FD6-6CA0-4830-BF5D-92C7CE4299F5}.Debug|Any CPU.Build.0 = Debug|Any CPU
		{E7718FD6-6CA0-4830-BF5D-92C7CE4299F5}.Release|Any CPU.ActiveCfg = Release|Any CPU
		{E7718FD6-6CA0-4830-BF5D-92C7CE4299F5}.Release|Any CPU.Build.0 = Release|Any CPU
	EndGlobalSection
	GlobalSection(SolutionProperties) = preSolution
		HideSolutionNode = FALSE
	EndGlobalSection
	GlobalSection(NestedProjects) = preSolution
		{2AF2D08F-A98F-4591-B386-452DF8CB5C1E} = {27292ADD-BFD9-4395-BDBB-CCF32A1D3F1F}
		{D3275F9D-C808-48EC-A35B-5EA1A8C43F2E} = {27292ADD-BFD9-4395-BDBB-CCF32A1D3F1F}
		{1ADBD72F-3B40-4BD9-AC1D-365F93A132E0} = {3D0547CD-0FD4-42DE-A5A7-5BF30B38A289}
		{E7718FD6-6CA0-4830-BF5D-92C7CE4299F5} = {3D0547CD-0FD4-42DE-A5A7-5BF30B38A289}
	EndGlobalSection
	GlobalSection(ExtensibilityGlobals) = postSolution
		SolutionGuid = {749FBCDF-7BFD-4DA1-B27C-D407593D63F1}
	EndGlobalSection
EndGlobal
